{
  "name": "npm-proj-1701902328008-0.002461681119440895s2wo8g",
  "lockfileVersion": 2,
  "requires": true,
  "packages": {
    "": {
      "dependencies": {
        "@abrookins-redis/redis-sitesearch-frontend": "^1.0.2"
      }
    },
    "node_modules/@abrookins-redis/redis-sitesearch-frontend": {
      "version": "1.0.2",
      "resolved": "https://registry.npmjs.org/@abrookins-redis/redis-sitesearch-frontend/-/redis-sitesearch-frontend-1.0.2.tgz",
      "integrity": "sha512-aDSUvffA1mbfb93DZT2o9nGLv3D5RgY0eNSSL4FUZFJvSBq3Kx+PWw8/cPNyzzemFXgDMgaxzAKaWofH30F3sA=="
    }
  },
  "dependencies": {
    "@abrookins-redis/redis-sitesearch-frontend": {
      "version": "1.0.2",
      "resolved": "https://registry.npmjs.org/@abrookins-redis/redis-sitesearch-frontend/-/redis-sitesearch-frontend-1.0.2.tgz",
      "integrity": "sha512-aDSUvffA1mbfb93DZT2o9nGLv3D5RgY0eNSSL4FUZFJvSBq3Kx+PWw8/cPNyzzemFXgDMgaxzAKaWofH30F3sA=="
    }
  }
}
